
Microsoft Visual Studio Solution File, Format Version 12.00
# Visual Studio 14
VisualStudioVersion = 14.0.25420.1
MinimumVisualStudioVersion = 10.0.40219.1
Project("{FAE04EC0-301F-11D3-BF4B-00C04F79EFBC}") = "InfoTrackTask", "InfoTrackTask\InfoTrackTask.csproj", "{9B8BF593-AF38-4E7E-A93D-AC009D720CE8}"
EndProject
Project("{2150E333-8FDC-42A3-9474-1A3956D46DE8}") = "1.DataAccess", "1.DataAccess", "{C23797CB-7EDE-4CC2-9F89-A3407581B266}"
EndProject
Project("{2150E333-8FDC-42A3-9474-1A3956D46DE8}") = "2.Entity", "2.Entity", "{E6CF368E-D455-4DFA-A32F-0D4AE4FDF9C1}"
EndProject
Project("{2150E333-8FDC-42A3-9474-1A3956D46DE8}") = "3.BusinessLogic", "3.BusinessLogic", "{19BC143F-FBF2-4C38-8152-578476FCD1BD}"
EndProject
Project("{2150E333-8FDC-42A3-9474-1A3956D46DE8}") = "5.Web", "5.Web", "{557E5238-E79B-401C-BE0A-3C5D308729A7}"
EndProject
Project("{2150E333-8FDC-42A3-9474-1A3956D46DE8}") = "6.UnitTest", "6.UnitTest", "{389C8FF7-64DB-446C-80CC-464332042497}"
EndProject
Project("{FAE04EC0-301F-11D3-BF4B-00C04F79EFBC}") = "DataAccess.Provider", "DataAccess.Provider\DataAccess.Provider.csproj", "{350F0F44-0861-4938-896C-37A29204ED3D}"
EndProject
Project("{FAE04EC0-301F-11D3-BF4B-00C04F79EFBC}") = "Business.Service", "Business.Service\Business.Service.csproj", "{3EF98B5C-EFBB-4E95-A7F6-D68C445600E2}"
EndProject
Project("{FAE04EC0-301F-11D3-BF4B-00C04F79EFBC}") = "DataAccess.Provider.Contract", "DataAccess.Provider.Contract\DataAccess.Provider.Contract.csproj", "{9FDEFB78-1BE8-4883-BFC5-C4B31C6A69AF}"
EndProject
Project("{FAE04EC0-301F-11D3-BF4B-00C04F79EFBC}") = "Business.Service.Contract", "Business.Service.Contract\Business.Service.Contract.csproj", "{E1B88BA7-4D89-4359-B267-22993B1AB7ED}"
EndProject
Project("{FAE04EC0-301F-11D3-BF4B-00C04F79EFBC}") = "DataAccess.Provider.Test", "DataAccess.Provider.Test\DataAccess.Provider.Test.csproj", "{B619A6F2-13A0-4A87-A974-7F1C70EAE1E4}"
EndProject
Project("{2150E333-8FDC-42A3-9474-1A3956D46DE8}") = "4.Shared", "4.Shared", "{512FDC7B-BE7D-49FD-A4B6-863E1DFC3B04}"
EndProject
Project("{FAE04EC0-301F-11D3-BF4B-00C04F79EFBC}") = "Utility", "Utility\Utility.csproj", "{4FC0FB6D-CE74-426A-A94F-31D6AC2864A6}"
EndProject
Project("{FAE04EC0-301F-11D3-BF4B-00C04F79EFBC}") = "Utility.Contract", "Utility.Contract\Utility.Contract.csproj", "{A919325A-5090-4D0D-A668-847E45667673}"
EndProject
Project("{FAE04EC0-301F-11D3-BF4B-00C04F79EFBC}") = "Business.Service.Test", "Business.Service.Test\Business.Service.Test.csproj", "{9B7FF1BA-7E2B-467A-AD89-A938F5057570}"
EndProject
Project("{FAE04EC0-301F-11D3-BF4B-00C04F79EFBC}") = "Entity.Model", "Entity.Model\Entity.Model.csproj", "{698A6938-C7DF-4759-8F76-7380CA7645A8}"
EndProject
Project("{FAE04EC0-301F-11D3-BF4B-00C04F79EFBC}") = "Utility.Test", "Utility.Test\Utility.Test.csproj", "{E635D324-682B-429F-A387-D7BE70792231}"
EndProject
Global
	GlobalSection(SolutionConfigurationPlatforms) = preSolution
		Debug|Any CPU = Debug|Any CPU
		Release|Any CPU = Release|Any CPU
	EndGlobalSection
	GlobalSection(ProjectConfigurationPlatforms) = postSolution
		{9B8BF593-AF38-4E7E-A93D-AC009D720CE8}.Debug|Any CPU.ActiveCfg = Debug|Any CPU
		{9B8BF593-AF38-4E7E-A93D-AC009D720CE8}.Debug|Any CPU.Build.0 = Debug|Any CPU
		{9B8BF593-AF38-4E7E-A93D-AC009D720CE8}.Release|Any CPU.ActiveCfg = Release|Any CPU
		{9B8BF593-AF38-4E7E-A93D-AC009D720CE8}.Release|Any CPU.Build.0 = Release|Any CPU
		{350F0F44-0861-4938-896C-37A29204ED3D}.Debug|Any CPU.ActiveCfg = Debug|Any CPU
		{350F0F44-0861-4938-896C-37A29204ED3D}.Debug|Any CPU.Build.0 = Debug|Any CPU
		{350F0F44-0861-4938-896C-37A29204ED3D}.Release|Any CPU.ActiveCfg = Release|Any CPU
		{350F0F44-0861-4938-896C-37A29204ED3D}.Release|Any CPU.Build.0 = Release|Any CPU
		{3EF98B5C-EFBB-4E95-A7F6-D68C445600E2}.Debug|Any CPU.ActiveCfg = Debug|Any CPU
		{3EF98B5C-EFBB-4E95-A7F6-D68C445600E2}.Debug|Any CPU.Build.0 = Debug|Any CPU
		{3EF98B5C-EFBB-4E95-A7F6-D68C445600E2}.Release|Any CPU.ActiveCfg = Release|Any CPU
		{3EF98B5C-EFBB-4E95-A7F6-D68C445600E2}.Release|Any CPU.Build.0 = Release|Any CPU
		{9FDEFB78-1BE8-4883-BFC5-C4B31C6A69AF}.Debug|Any CPU.ActiveCfg = Debug|Any CPU
		{9FDEFB78-1BE8-4883-BFC5-C4B31C6A69AF}.Debug|Any CPU.Build.0 = Debug|Any CPU
		{9FDEFB78-1BE8-4883-BFC5-C4B31C6A69AF}.Release|Any CPU.ActiveCfg = Release|Any CPU
		{9FDEFB78-1BE8-4883-BFC5-C4B31C6A69AF}.Release|Any CPU.Build.0 = Release|Any CPU
		{E1B88BA7-4D89-4359-B267-22993B1AB7ED}.Debug|Any CPU.ActiveCfg = Debug|Any CPU
		{E1B88BA7-4D89-4359-B267-22993B1AB7ED}.Debug|Any CPU.Build.0 = Debug|Any CPU
		{E1B88BA7-4D89-4359-B267-22993B1AB7ED}.Release|Any CPU.ActiveCfg = Release|Any CPU
		{E1B88BA7-4D89-4359-B267-22993B1AB7ED}.Release|Any CPU.Build.0 = Release|Any CPU
		{B619A6F2-13A0-4A87-A974-7F1C70EAE1E4}.Debug|Any CPU.ActiveCfg = Debug|Any CPU
		{B619A6F2-13A0-4A87-A974-7F1C70EAE1E4}.Debug|Any CPU.Build.0 = Debug|Any CPU
		{B619A6F2-13A0-4A87-A974-7F1C70EAE1E4}.Release|Any CPU.ActiveCfg = Release|Any CPU
		{B619A6F2-13A0-4A87-A974-7F1C70EAE1E4}.Release|Any CPU.Build.0 = Release|Any CPU
		{4FC0FB6D-CE74-426A-A94F-31D6AC2864A6}.Debug|Any CPU.ActiveCfg = Debug|Any CPU
		{4FC0FB6D-CE74-426A-A94F-31D6AC2864A6}.Debug|Any CPU.Build.0 = Debug|Any CPU
		{4FC0FB6D-CE74-426A-A94F-31D6AC2864A6}.Release|Any CPU.ActiveCfg = Release|Any CPU
		{4FC0FB6D-CE74-426A-A94F-31D6AC2864A6}.Release|Any CPU.Build.0 = Release|Any CPU
		{A919325A-5090-4D0D-A668-847E45667673}.Debug|Any CPU.ActiveCfg = Debug|Any CPU
		{A919325A-5090-4D0D-A668-847E45667673}.Debug|Any CPU.Build.0 = Debug|Any CPU
		{A919325A-5090-4D0D-A668-847E45667673}.Release|Any CPU.ActiveCfg = Release|Any CPU
		{A919325A-5090-4D0D-A668-847E45667673}.Release|Any CPU.Build.0 = Release|Any CPU
		{9B7FF1BA-7E2B-467A-AD89-A938F5057570}.Debug|Any CPU.ActiveCfg = Debug|Any CPU
		{9B7FF1BA-7E2B-467A-AD89-A938F5057570}.Debug|Any CPU.Build.0 = Debug|Any CPU
		{9B7FF1BA-7E2B-467A-AD89-A938F5057570}.Release|Any CPU.ActiveCfg = Release|Any CPU
		{9B7FF1BA-7E2B-467A-AD89-A938F5057570}.Release|Any CPU.Build.0 = Release|Any CPU
		{698A6938-C7DF-4759-8F76-7380CA7645A8}.Debug|Any CPU.ActiveCfg = Debug|Any CPU
		{698A6938-C7DF-4759-8F76-7380CA7645A8}.Debug|Any CPU.Build.0 = Debug|Any CPU
		{698A6938-C7DF-4759-8F76-7380CA7645A8}.Release|Any CPU.ActiveCfg = Release|Any CPU
		{698A6938-C7DF-4759-8F76-7380CA7645A8}.Release|Any CPU.Build.0 = Release|Any CPU
		{E635D324-682B-429F-A387-D7BE70792231}.Debug|Any CPU.ActiveCfg = Debug|Any CPU
		{E635D324-682B-429F-A387-D7BE70792231}.Debug|Any CPU.Build.0 = Debug|Any CPU
		{E635D324-682B-429F-A387-D7BE70792231}.Release|Any CPU.ActiveCfg = Release|Any CPU
		{E635D324-682B-429F-A387-D7BE70792231}.Release|Any CPU.Build.0 = Release|Any CPU
	EndGlobalSection
	GlobalSection(SolutionProperties) = preSolution
		HideSolutionNode = FALSE
	EndGlobalSection
	GlobalSection(NestedProjects) = preSolution
		{9B8BF593-AF38-4E7E-A93D-AC009D720CE8} = {557E5238-E79B-401C-BE0A-3C5D308729A7}
		{350F0F44-0861-4938-896C-37A29204ED3D} = {C23797CB-7EDE-4CC2-9F89-A3407581B266}
		{3EF98B5C-EFBB-4E95-A7F6-D68C445600E2} = {19BC143F-FBF2-4C38-8152-578476FCD1BD}
		{9FDEFB78-1BE8-4883-BFC5-C4B31C6A69AF} = {C23797CB-7EDE-4CC2-9F89-A3407581B266}
		{E1B88BA7-4D89-4359-B267-22993B1AB7ED} = {19BC143F-FBF2-4C38-8152-578476FCD1BD}
		{B619A6F2-13A0-4A87-A974-7F1C70EAE1E4} = {389C8FF7-64DB-446C-80CC-464332042497}
		{4FC0FB6D-CE74-426A-A94F-31D6AC2864A6} = {512FDC7B-BE7D-49FD-A4B6-863E1DFC3B04}
		{A919325A-5090-4D0D-A668-847E45667673} = {512FDC7B-BE7D-49FD-A4B6-863E1DFC3B04}
		{9B7FF1BA-7E2B-467A-AD89-A938F5057570} = {389C8FF7-64DB-446C-80CC-464332042497}
		{698A6938-C7DF-4759-8F76-7380CA7645A8} = {E6CF368E-D455-4DFA-A32F-0D4AE4FDF9C1}
		{E635D324-682B-429F-A387-D7BE70792231} = {389C8FF7-64DB-446C-80CC-464332042497}
	EndGlobalSection
EndGlobal
